
Microsoft Visual Studio Solution File, Format Version 12.00
# Visual Studio 15
VisualStudioVersion = 15.0.26730.16
MinimumVisualStudioVersion = 10.0.40219.1
Project("{8BC9CEB8-8B4A-11D0-8D11-00A0C91BC942}") = "Project1", "Project1\Project1.vcxproj", "{C874DE03-D7A9-4B55-86B6-E840FB616F72}"
EndProject
Global
	GlobalSection(SolutionConfigurationPlatforms) = preSolution
		Debug|x64 = Debug|x64
		Debug|x86 = Debug|x86
		Release|x64 = Release|x64
		Release|x86 = Release|x86
	EndGlobalSection
	GlobalSection(ProjectConfigurationPlatforms) = postSolution
		{C874DE03-D7A9-4B55-86B6-E840FB616F72}.Debug|x64.ActiveCfg = Debug|x64
		{C874DE03-D7A9-4B55-86B6-E840FB616F72}.Debug|x64.Build.0 = Debug|x64
		{C874DE03-D7A9-4B55-86B6-E840FB616F72}.Debug|x86.ActiveCfg = Debug|Win32
		{C874DE03-D7A9-4B55-86B6-E840FB616F72}.Debug|x86.Build.0 = Debug|Win32
		{C874DE03-D7A9-4B55-86B6-E840FB616F72}.Release|x64.ActiveCfg = Release|x64
		{C874DE03-D7A9-4B55-86B6-E840FB616F72}.Release|x64.Build.0 = Release|x64
		{C874DE03-D7A9-4B55-86B6-E840FB616F72}.Release|x86.ActiveCfg = Release|Win32
		{C874DE03-D7A9-4B55-86B6-E840FB616F72}.Release|x86.Build.0 = Release|Win32
	EndGlobalSection
	GlobalSection(SolutionProperties) = preSolution
		HideSolutionNode = FALSE
	EndGlobalSection
	GlobalSection(ExtensibilityGlobals) = postSolution
		SolutionGuid = {2178D9C5-6FDD-4D86-91F9-7B0BF4EA926D}
	EndGlobalSection
EndGlobal
